// !$*UTF8*$!
{
	archiveVersion = 1;
	classes = {
	};
	objectVersion = 56;
	objects = {

/* Begin PBXBuildFile section */
		3AA215E82C5B85C900501BC0 /* AppDelegate.swift in Sources */ = {isa = PBXBuildFile; fileRef = 3AA215E72C5B85C900501BC0 /* AppDelegate.swift */; };
		3AA215EA2C5B85C900501BC0 /* SceneDelegate.swift in Sources */ = {isa = PBXBuildFile; fileRef = 3AA215E92C5B85C900501BC0 /* SceneDelegate.swift */; };
		3AA215F12C5B85CC00501BC0 /* Assets.xcassets in Resources */ = {isa = PBXBuildFile; fileRef = 3AA215F02C5B85CC00501BC0 /* Assets.xcassets */; };
		3AA215F42C5B85CC00501BC0 /* LaunchScreen.storyboard in Resources */ = {isa = PBXBuildFile; fileRef = 3AA215F22C5B85CC00501BC0 /* LaunchScreen.storyboard */; };
		3AA215FC2C5B9C5600501BC0 /* SearchVC.swift in Sources */ = {isa = PBXBuildFile; fileRef = 3AA215FB2C5B9C5600501BC0 /* SearchVC.swift */; };
		3AA216012C5B9D5300501BC0 /* FavoritesListVC.swift in Sources */ = {isa = PBXBuildFile; fileRef = 3AA216002C5B9D5300501BC0 /* FavoritesListVC.swift */; };
		3AA216032C5BB55500501BC0 /* GFButton.swift in Sources */ = {isa = PBXBuildFile; fileRef = 3AA216022C5BB55500501BC0 /* GFButton.swift */; };
		3AA216052C5CE0BB00501BC0 /* GFTextField.swift in Sources */ = {isa = PBXBuildFile; fileRef = 3AA216042C5CE0BB00501BC0 /* GFTextField.swift */; };
		3AA216072C60DBE300501BC0 /* FollowerListVC.swift in Sources */ = {isa = PBXBuildFile; fileRef = 3AA216062C60DBE300501BC0 /* FollowerListVC.swift */; };
		3AA216092C60EDA100501BC0 /* GFTitleLabel.swift in Sources */ = {isa = PBXBuildFile; fileRef = 3AA216082C60EDA000501BC0 /* GFTitleLabel.swift */; };
		3AA2160B2C60F17800501BC0 /* GFBodyLabel.swift in Sources */ = {isa = PBXBuildFile; fileRef = 3AA2160A2C60F17800501BC0 /* GFBodyLabel.swift */; };
		3AA2160D2C60F2EE00501BC0 /* GFAlertVC.swift in Sources */ = {isa = PBXBuildFile; fileRef = 3AA2160C2C60F2EE00501BC0 /* GFAlertVC.swift */; };
		3AA2160F2C62382100501BC0 /* UIViewContriller+Ext.swift in Sources */ = {isa = PBXBuildFile; fileRef = 3AA2160E2C62382100501BC0 /* UIViewContriller+Ext.swift */; };
		3AA216162C624EAB00501BC0 /* Follower.swift in Sources */ = {isa = PBXBuildFile; fileRef = 3AA216152C624EAB00501BC0 /* Follower.swift */; };
		3AA216182C6255AC00501BC0 /* User.swift in Sources */ = {isa = PBXBuildFile; fileRef = 3AA216172C6255AC00501BC0 /* User.swift */; };
		3AA2161B2C6395FB00501BC0 /* NetworkManager.swift in Sources */ = {isa = PBXBuildFile; fileRef = 3AA2161A2C6395FB00501BC0 /* NetworkManager.swift */; };
/* End PBXBuildFile section */

/* Begin PBXFileReference section */
		3AA215E42C5B85C900501BC0 /* GitHubFollowers.app */ = {isa = PBXFileReference; explicitFileType = wrapper.application; includeInIndex = 0; path = GitHubFollowers.app; sourceTree = BUILT_PRODUCTS_DIR; };
		3AA215E72C5B85C900501BC0 /* AppDelegate.swift */ = {isa = PBXFileReference; lastKnownFileType = sourcecode.swift; path = AppDelegate.swift; sourceTree = "<group>"; };
		3AA215E92C5B85C900501BC0 /* SceneDelegate.swift */ = {isa = PBXFileReference; lastKnownFileType = sourcecode.swift; path = SceneDelegate.swift; sourceTree = "<group>"; };
		3AA215F02C5B85CC00501BC0 /* Assets.xcassets */ = {isa = PBXFileReference; lastKnownFileType = folder.assetcatalog; path = Assets.xcassets; sourceTree = "<group>"; };
		3AA215F32C5B85CC00501BC0 /* Base */ = {isa = PBXFileReference; lastKnownFileType = file.storyboard; name = Base; path = Base.lproj/LaunchScreen.storyboard; sourceTree = "<group>"; };
		3AA215F52C5B85CC00501BC0 /* Info.plist */ = {isa = PBXFileReference; lastKnownFileType = text.plist.xml; path = Info.plist; sourceTree = "<group>"; };
		3AA215FB2C5B9C5600501BC0 /* SearchVC.swift */ = {isa = PBXFileReference; lastKnownFileType = sourcecode.swift; path = SearchVC.swift; sourceTree = "<group>"; };
		3AA216002C5B9D5300501BC0 /* FavoritesListVC.swift */ = {isa = PBXFileReference; lastKnownFileType = sourcecode.swift; path = FavoritesListVC.swift; sourceTree = "<group>"; };
		3AA216022C5BB55500501BC0 /* GFButton.swift */ = {isa = PBXFileReference; lastKnownFileType = sourcecode.swift; path = GFButton.swift; sourceTree = "<group>"; };
		3AA216042C5CE0BB00501BC0 /* GFTextField.swift */ = {isa = PBXFileReference; lastKnownFileType = sourcecode.swift; path = GFTextField.swift; sourceTree = "<group>"; };
		3AA216062C60DBE300501BC0 /* FollowerListVC.swift */ = {isa = PBXFileReference; lastKnownFileType = sourcecode.swift; path = FollowerListVC.swift; sourceTree = "<group>"; };
		3AA216082C60EDA000501BC0 /* GFTitleLabel.swift */ = {isa = PBXFileReference; lastKnownFileType = sourcecode.swift; path = GFTitleLabel.swift; sourceTree = "<group>"; };
		3AA2160A2C60F17800501BC0 /* GFBodyLabel.swift */ = {isa = PBXFileReference; lastKnownFileType = sourcecode.swift; path = GFBodyLabel.swift; sourceTree = "<group>"; };
		3AA2160C2C60F2EE00501BC0 /* GFAlertVC.swift */ = {isa = PBXFileReference; lastKnownFileType = sourcecode.swift; path = GFAlertVC.swift; sourceTree = "<group>"; };
		3AA2160E2C62382100501BC0 /* UIViewContriller+Ext.swift */ = {isa = PBXFileReference; lastKnownFileType = sourcecode.swift; path = "UIViewContriller+Ext.swift"; sourceTree = "<group>"; };
		3AA216152C624EAB00501BC0 /* Follower.swift */ = {isa = PBXFileReference; lastKnownFileType = sourcecode.swift; path = Follower.swift; sourceTree = "<group>"; };
		3AA216172C6255AC00501BC0 /* User.swift */ = {isa = PBXFileReference; lastKnownFileType = sourcecode.swift; path = User.swift; sourceTree = "<group>"; };
		3AA2161A2C6395FB00501BC0 /* NetworkManager.swift */ = {isa = PBXFileReference; lastKnownFileType = sourcecode.swift; path = NetworkManager.swift; sourceTree = "<group>"; };
/* End PBXFileReference section */

/* Begin PBXFrameworksBuildPhase section */
		3AA215E12C5B85C900501BC0 /* Frameworks */ = {
			isa = PBXFrameworksBuildPhase;
			buildActionMask = 2147483647;
			files = (
			);
			runOnlyForDeploymentPostprocessing = 0;
		};
/* End PBXFrameworksBuildPhase section */

/* Begin PBXGroup section */
		3AA215DB2C5B85C900501BC0 = {
			isa = PBXGroup;
			children = (
				3AA215E62C5B85C900501BC0 /* GitHubFollowers */,
				3AA215E52C5B85C900501BC0 /* Products */,
			);
			sourceTree = "<group>";
		};
		3AA215E52C5B85C900501BC0 /* Products */ = {
			isa = PBXGroup;
			children = (
				3AA215E42C5B85C900501BC0 /* GitHubFollowers.app */,
			);
			name = Products;
			sourceTree = "<group>";
		};
		3AA215E62C5B85C900501BC0 /* GitHubFollowers */ = {
			isa = PBXGroup;
			children = (
				3AA216192C6395C700501BC0 /* Manager */,
				3AA216142C624E8500501BC0 /* Model */,
				3AA216122C62410600501BC0 /* Extensions */,
				3AA216112C62407000501BC0 /* Custom Views */,
				3AA216102C62400100501BC0 /* Screens */,
				3AA216132C62415B00501BC0 /* Support */,
				3AA215F52C5B85CC00501BC0 /* Info.plist */,
			);
			path = GitHubFollowers;
			sourceTree = "<group>";
		};
		3AA216102C62400100501BC0 /* Screens */ = {
			isa = PBXGroup;
			children = (
				3AA216002C5B9D5300501BC0 /* FavoritesListVC.swift */,
				3AA215FB2C5B9C5600501BC0 /* SearchVC.swift */,
				3AA216062C60DBE300501BC0 /* FollowerListVC.swift */,
			);
			path = Screens;
			sourceTree = "<group>";
		};
		3AA216112C62407000501BC0 /* Custom Views */ = {
			isa = PBXGroup;
			children = (
				3AA2160C2C60F2EE00501BC0 /* GFAlertVC.swift */,
				3AA216022C5BB55500501BC0 /* GFButton.swift */,
				3AA216042C5CE0BB00501BC0 /* GFTextField.swift */,
				3AA216082C60EDA000501BC0 /* GFTitleLabel.swift */,
				3AA2160A2C60F17800501BC0 /* GFBodyLabel.swift */,
			);
			path = "Custom Views";
			sourceTree = "<group>";
		};
		3AA216122C62410600501BC0 /* Extensions */ = {
			isa = PBXGroup;
			children = (
				3AA2160E2C62382100501BC0 /* UIViewContriller+Ext.swift */,
			);
			path = Extensions;
			sourceTree = "<group>";
		};
		3AA216132C62415B00501BC0 /* Support */ = {
			isa = PBXGroup;
			children = (
				3AA215E72C5B85C900501BC0 /* AppDelegate.swift */,
				3AA215E92C5B85C900501BC0 /* SceneDelegate.swift */,
				3AA215F02C5B85CC00501BC0 /* Assets.xcassets */,
				3AA215F22C5B85CC00501BC0 /* LaunchScreen.storyboard */,
			);
			path = Support;
			sourceTree = "<group>";
		};
		3AA216142C624E8500501BC0 /* Model */ = {
			isa = PBXGroup;
			children = (
				3AA216152C624EAB00501BC0 /* Follower.swift */,
				3AA216172C6255AC00501BC0 /* User.swift */,
			);
			path = Model;
			sourceTree = "<group>";
		};
		3AA216192C6395C700501BC0 /* Manager */ = {
			isa = PBXGroup;
			children = (
				3AA2161A2C6395FB00501BC0 /* NetworkManager.swift */,
			);
			path = Manager;
			sourceTree = "<group>";
		};
/* End PBXGroup section */

/* Begin PBXNativeTarget section */
		3AA215E32C5B85C900501BC0 /* GitHubFollowers */ = {
			isa = PBXNativeTarget;
			buildConfigurationList = 3AA215F82C5B85CC00501BC0 /* Build configuration list for PBXNativeTarget "GitHubFollowers" */;
			buildPhases = (
				3AA215E02C5B85C900501BC0 /* Sources */,
				3AA215E12C5B85C900501BC0 /* Frameworks */,
				3AA215E22C5B85C900501BC0 /* Resources */,
			);
			buildRules = (
			);
			dependencies = (
			);
			name = GitHubFollowers;
			productName = GitHubFollowers;
			productReference = 3AA215E42C5B85C900501BC0 /* GitHubFollowers.app */;
			productType = "com.apple.product-type.application";
		};
/* End PBXNativeTarget section */

/* Begin PBXProject section */
		3AA215DC2C5B85C900501BC0 /* Project object */ = {
			isa = PBXProject;
			attributes = {
				BuildIndependentTargetsInParallel = 1;
				LastSwiftUpdateCheck = 1500;
				LastUpgradeCheck = 1500;
				TargetAttributes = {
					3AA215E32C5B85C900501BC0 = {
						CreatedOnToolsVersion = 15.0.1;
					};
				};
			};
			buildConfigurationList = 3AA215DF2C5B85C900501BC0 /* Build configuration list for PBXProject "GitHubFollowers" */;
			compatibilityVersion = "Xcode 14.0";
			developmentRegion = en;
			hasScannedForEncodings = 0;
			knownRegions = (
				en,
				Base,
			);
			mainGroup = 3AA215DB2C5B85C900501BC0;
			productRefGroup = 3AA215E52C5B85C900501BC0 /* Products */;
			projectDirPath = "";
			projectRoot = "";
			targets = (
				3AA215E32C5B85C900501BC0 /* GitHubFollowers */,
			);
		};
/* End PBXProject section */

/* Begin PBXResourcesBuildPhase section */
		3AA215E22C5B85C900501BC0 /* Resources */ = {
			isa = PBXResourcesBuildPhase;
			buildActionMask = 2147483647;
			files = (
				3AA215F42C5B85CC00501BC0 /* LaunchScreen.storyboard in Resources */,
				3AA215F12C5B85CC00501BC0 /* Assets.xcassets in Resources */,
			);
			runOnlyForDeploymentPostprocessing = 0;
		};
/* End PBXResourcesBuildPhase section */

/* Begin PBXSourcesBuildPhase section */
		3AA215E02C5B85C900501BC0 /* Sources */ = {
			isa = PBXSourcesBuildPhase;
			buildActionMask = 2147483647;
			files = (
				3AA216182C6255AC00501BC0 /* User.swift in Sources */,
				3AA216052C5CE0BB00501BC0 /* GFTextField.swift in Sources */,
				3AA216012C5B9D5300501BC0 /* FavoritesListVC.swift in Sources */,
				3AA216032C5BB55500501BC0 /* GFButton.swift in Sources */,
				3AA215FC2C5B9C5600501BC0 /* SearchVC.swift in Sources */,
				3AA2160D2C60F2EE00501BC0 /* GFAlertVC.swift in Sources */,
				3AA2160B2C60F17800501BC0 /* GFBodyLabel.swift in Sources */,
				3AA216092C60EDA100501BC0 /* GFTitleLabel.swift in Sources */,
				3AA216162C624EAB00501BC0 /* Follower.swift in Sources */,
				3AA2160F2C62382100501BC0 /* UIViewContriller+Ext.swift in Sources */,
				3AA2161B2C6395FB00501BC0 /* NetworkManager.swift in Sources */,
				3AA216072C60DBE300501BC0 /* FollowerListVC.swift in Sources */,
				3AA215E82C5B85C900501BC0 /* AppDelegate.swift in Sources */,
				3AA215EA2C5B85C900501BC0 /* SceneDelegate.swift in Sources */,
			);
			runOnlyForDeploymentPostprocessing = 0;
		};
/* End PBXSourcesBuildPhase section */

/* Begin PBXVariantGroup section */
		3AA215F22C5B85CC00501BC0 /* LaunchScreen.storyboard */ = {
			isa = PBXVariantGroup;
			children = (
				3AA215F32C5B85CC00501BC0 /* Base */,
			);
			name = LaunchScreen.storyboard;
			sourceTree = "<group>";
		};
/* End PBXVariantGroup section */

/* Begin XCBuildConfiguration section */
		3AA215F62C5B85CC00501BC0 /* Debug */ = {
			isa = XCBuildConfiguration;
			buildSettings = {
				ALWAYS_SEARCH_USER_PATHS = NO;
				ASSETCATALOG_COMPILER_GENERATE_SWIFT_ASSET_SYMBOL_EXTENSIONS = YES;
				CLANG_ANALYZER_NONNULL = YES;
				CLANG_ANALYZER_NUMBER_OBJECT_CONVERSION = YES_AGGRESSIVE;
				CLANG_CXX_LANGUAGE_STANDARD = "gnu++20";
				CLANG_ENABLE_MODULES = YES;
				CLANG_ENABLE_OBJC_ARC = YES;
				CLANG_ENABLE_OBJC_WEAK = YES;
				CLANG_WARN_BLOCK_CAPTURE_AUTORELEASING = YES;
				CLANG_WARN_BOOL_CONVERSION = YES;
				CLANG_WARN_COMMA = YES;
				CLANG_WARN_CONSTANT_CONVERSION = YES;
				CLANG_WARN_DEPRECATED_OBJC_IMPLEMENTATIONS = YES;
				CLANG_WARN_DIRECT_OBJC_ISA_USAGE = YES_ERROR;
				CLANG_WARN_DOCUMENTATION_COMMENTS = YES;
				CLANG_WARN_EMPTY_BODY = YES;
				CLANG_WARN_ENUM_CONVERSION = YES;
				CLANG_WARN_INFINITE_RECURSION = YES;
				CLANG_WARN_INT_CONVERSION = YES;
				CLANG_WARN_NON_LITERAL_NULL_CONVERSION = YES;
				CLANG_WARN_OBJC_IMPLICIT_RETAIN_SELF = YES;
				CLANG_WARN_OBJC_LITERAL_CONVERSION = YES;
				CLANG_WARN_OBJC_ROOT_CLASS = YES_ERROR;
				CLANG_WARN_QUOTED_INCLUDE_IN_FRAMEWORK_HEADER = YES;
				CLANG_WARN_RANGE_LOOP_ANALYSIS = YES;
				CLANG_WARN_STRICT_PROTOTYPES = YES;
				CLANG_WARN_SUSPICIOUS_MOVE = YES;
				CLANG_WARN_UNGUARDED_AVAILABILITY = YES_AGGRESSIVE;
				CLANG_WARN_UNREACHABLE_CODE = YES;
				CLANG_WARN__DUPLICATE_METHOD_MATCH = YES;
				COPY_PHASE_STRIP = NO;
				DEBUG_INFORMATION_FORMAT = dwarf;
				ENABLE_STRICT_OBJC_MSGSEND = YES;
				ENABLE_TESTABILITY = YES;
				ENABLE_USER_SCRIPT_SANDBOXING = YES;
				GCC_C_LANGUAGE_STANDARD = gnu17;
				GCC_DYNAMIC_NO_PIC = NO;
				GCC_NO_COMMON_BLOCKS = YES;
				GCC_OPTIMIZATION_LEVEL = 0;
				GCC_PREPROCESSOR_DEFINITIONS = (
					"DEBUG=1",
					"$(inherited)",
				);
				GCC_WARN_64_TO_32_BIT_CONVERSION = YES;
				GCC_WARN_ABOUT_RETURN_TYPE = YES_ERROR;
				GCC_WARN_UNDECLARED_SELECTOR = YES;
				GCC_WARN_UNINITIALIZED_AUTOS = YES_AGGRESSIVE;
				GCC_WARN_UNUSED_FUNCTION = YES;
				GCC_WARN_UNUSED_VARIABLE = YES;
				IPHONEOS_DEPLOYMENT_TARGET = 17.0;
				LOCALIZATION_PREFERS_STRING_CATALOGS = YES;
				MTL_ENABLE_DEBUG_INFO = INCLUDE_SOURCE;
				MTL_FAST_MATH = YES;
				ONLY_ACTIVE_ARCH = YES;
				SDKROOT = iphoneos;
				SWIFT_ACTIVE_COMPILATION_CONDITIONS = "DEBUG $(inherited)";
				SWIFT_OPTIMIZATION_LEVEL = "-Onone";
			};
			name = Debug;
		};
		3AA215F72C5B85CC00501BC0 /* Release */ = {
			isa = XCBuildConfiguration;
			buildSettings = {
				ALWAYS_SEARCH_USER_PATHS = NO;
				ASSETCATALOG_COMPILER_GENERATE_SWIFT_ASSET_SYMBOL_EXTENSIONS = YES;
				CLANG_ANALYZER_NONNULL = YES;
				CLANG_ANALYZER_NUMBER_OBJECT_CONVERSION = YES_AGGRESSIVE;
				CLANG_CXX_LANGUAGE_STANDARD = "gnu++20";
				CLANG_ENABLE_MODULES = YES;
				CLANG_ENABLE_OBJC_ARC = YES;
				CLANG_ENABLE_OBJC_WEAK = YES;
				CLANG_WARN_BLOCK_CAPTURE_AUTORELEASING = YES;
				CLANG_WARN_BOOL_CONVERSION = YES;
				CLANG_WARN_COMMA = YES;
				CLANG_WARN_CONSTANT_CONVERSION = YES;
				CLANG_WARN_DEPRECATED_OBJC_IMPLEMENTATIONS = YES;
				CLANG_WARN_DIRECT_OBJC_ISA_USAGE = YES_ERROR;
				CLANG_WARN_DOCUMENTATION_COMMENTS = YES;
				CLANG_WARN_EMPTY_BODY = YES;
				CLANG_WARN_ENUM_CONVERSION = YES;
				CLANG_WARN_INFINITE_RECURSION = YES;
				CLANG_WARN_INT_CONVERSION = YES;
				CLANG_WARN_NON_LITERAL_NULL_CONVERSION = YES;
				CLANG_WARN_OBJC_IMPLICIT_RETAIN_SELF = YES;
				CLANG_WARN_OBJC_LITERAL_CONVERSION = YES;
				CLANG_WARN_OBJC_ROOT_CLASS = YES_ERROR;
				CLANG_WARN_QUOTED_INCLUDE_IN_FRAMEWORK_HEADER = YES;
				CLANG_WARN_RANGE_LOOP_ANALYSIS = YES;
				CLANG_WARN_STRICT_PROTOTYPES = YES;
				CLANG_WARN_SUSPICIOUS_MOVE = YES;
				CLANG_WARN_UNGUARDED_AVAILABILITY = YES_AGGRESSIVE;
				CLANG_WARN_UNREACHABLE_CODE = YES;
				CLANG_WARN__DUPLICATE_METHOD_MATCH = YES;
				COPY_PHASE_STRIP = NO;
				DEBUG_INFORMATION_FORMAT = "dwarf-with-dsym";
				ENABLE_NS_ASSERTIONS = NO;
				ENABLE_STRICT_OBJC_MSGSEND = YES;
				ENABLE_USER_SCRIPT_SANDBOXING = YES;
				GCC_C_LANGUAGE_STANDARD = gnu17;
				GCC_NO_COMMON_BLOCKS = YES;
				GCC_WARN_64_TO_32_BIT_CONVERSION = YES;
				GCC_WARN_ABOUT_RETURN_TYPE = YES_ERROR;
				GCC_WARN_UNDECLARED_SELECTOR = YES;
				GCC_WARN_UNINITIALIZED_AUTOS = YES_AGGRESSIVE;
				GCC_WARN_UNUSED_FUNCTION = YES;
				GCC_WARN_UNUSED_VARIABLE = YES;
				IPHONEOS_DEPLOYMENT_TARGET = 17.0;
				LOCALIZATION_PREFERS_STRING_CATALOGS = YES;
				MTL_ENABLE_DEBUG_INFO = NO;
				MTL_FAST_MATH = YES;
				SDKROOT = iphoneos;
				SWIFT_COMPILATION_MODE = wholemodule;
				VALIDATE_PRODUCT = YES;
			};
			name = Release;
		};
		3AA215F92C5B85CC00501BC0 /* Debug */ = {
			isa = XCBuildConfiguration;
			buildSettings = {
				ASSETCATALOG_COMPILER_APPICON_NAME = AppIcon;
				ASSETCATALOG_COMPILER_GLOBAL_ACCENT_COLOR_NAME = AccentColor;
				CODE_SIGN_STYLE = Automatic;
				CURRENT_PROJECT_VERSION = 1;
				DEVELOPMENT_TEAM = DLGS6G2PDX;
				GENERATE_INFOPLIST_FILE = YES;
				INFOPLIST_FILE = GitHubFollowers/Info.plist;
				INFOPLIST_KEY_UIApplicationSupportsIndirectInputEvents = YES;
				INFOPLIST_KEY_UILaunchStoryboardName = LaunchScreen;
				INFOPLIST_KEY_UIStatusBarHidden = NO;
				INFOPLIST_KEY_UIStatusBarStyle = "";
				INFOPLIST_KEY_UISupportedInterfaceOrientations = UIInterfaceOrientationPortrait;
				INFOPLIST_KEY_UISupportedInterfaceOrientations_iPad = "UIInterfaceOrientationLandscapeLeft UIInterfaceOrientationLandscapeRight UIInterfaceOrientationPortrait UIInterfaceOrientationPortraitUpsideDown";
				LD_RUNPATH_SEARCH_PATHS = (
					"$(inherited)",
					"@executable_path/Frameworks",
				);
				MARKETING_VERSION = 1.0;
				PRODUCT_BUNDLE_IDENTIFIER = "--------------.GitHubFollowers";
				PRODUCT_NAME = "$(TARGET_NAME)";
				SUPPORTED_PLATFORMS = "iphoneos iphonesimulator";
				SUPPORTS_MACCATALYST = NO;
				SUPPORTS_MAC_DESIGNED_FOR_IPHONE_IPAD = NO;
				SWIFT_EMIT_LOC_STRINGS = YES;
				SWIFT_VERSION = 5.0;
				TARGETED_DEVICE_FAMILY = 1;
			};
			name = Debug;
		};
		3AA215FA2C5B85CC00501BC0 /* Release */ = {
			isa = XCBuildConfiguration;
			buildSettings = {
				ASSETCATALOG_COMPILER_APPICON_NAME = AppIcon;
				ASSETCATALOG_COMPILER_GLOBAL_ACCENT_COLOR_NAME = AccentColor;
				CODE_SIGN_STYLE = Automatic;
				CURRENT_PROJECT_VERSION = 1;
				DEVELOPMENT_TEAM = DLGS6G2PDX;
				GENERATE_INFOPLIST_FILE = YES;
				INFOPLIST_FILE = GitHubFollowers/Info.plist;
				INFOPLIST_KEY_UIApplicationSupportsIndirectInputEvents = YES;
				INFOPLIST_KEY_UILaunchStoryboardName = LaunchScreen;
				INFOPLIST_KEY_UIStatusBarHidden = NO;
				INFOPLIST_KEY_UIStatusBarStyle = "";
				INFOPLIST_KEY_UISupportedInterfaceOrientations = UIInterfaceOrientationPortrait;
				INFOPLIST_KEY_UISupportedInterfaceOrientations_iPad = "UIInterfaceOrientationLandscapeLeft UIInterfaceOrientationLandscapeRight UIInterfaceOrientationPortrait UIInterfaceOrientationPortraitUpsideDown";
				LD_RUNPATH_SEARCH_PATHS = (
					"$(inherited)",
					"@executable_path/Frameworks",
				);
				MARKETING_VERSION = 1.0;
				PRODUCT_BUNDLE_IDENTIFIER = "--------------.GitHubFollowers";
				PRODUCT_NAME = "$(TARGET_NAME)";
				SUPPORTED_PLATFORMS = "iphoneos iphonesimulator";
				SUPPORTS_MACCATALYST = NO;
				SUPPORTS_MAC_DESIGNED_FOR_IPHONE_IPAD = NO;
				SWIFT_EMIT_LOC_STRINGS = YES;
				SWIFT_VERSION = 5.0;
				TARGETED_DEVICE_FAMILY = 1;
			};
			name = Release;
		};
/* End XCBuildConfiguration section */

/* Begin XCConfigurationList section */
		3AA215DF2C5B85C900501BC0 /* Build configuration list for PBXProject "GitHubFollowers" */ = {
			isa = XCConfigurationList;
			buildConfigurations = (
				3AA215F62C5B85CC00501BC0 /* Debug */,
				3AA215F72C5B85CC00501BC0 /* Release */,
			);
			defaultConfigurationIsVisible = 0;
			defaultConfigurationName = Release;
		};
		3AA215F82C5B85CC00501BC0 /* Build configuration list for PBXNativeTarget "GitHubFollowers" */ = {
			isa = XCConfigurationList;
			buildConfigurations = (
				3AA215F92C5B85CC00501BC0 /* Debug */,
				3AA215FA2C5B85CC00501BC0 /* Release */,
			);
			defaultConfigurationIsVisible = 0;
			defaultConfigurationName = Release;
		};
/* End XCConfigurationList section */
	};
	rootObject = 3AA215DC2C5B85C900501BC0 /* Project object */;
}
